
Microsoft Visual Studio Solution File, Format Version 12.00
# Visual Studio 2012
Project("{F184B08F-C81C-45F6-A57F-5ABD9991F28F}") = "FilePath", "FilePath\FilePath.vbproj", "{D248996D-017A-44C6-9C74-CAE8D084F91B}"
EndProject
Global
	GlobalSection(SolutionConfigurationPlatforms) = preSolution
		Debug|Any CPU = Debug|Any CPU
		Release|Any CPU = Release|Any CPU
	EndGlobalSection
	GlobalSection(ProjectConfigurationPlatforms) = postSolution
		{D248996D-017A-44C6-9C74-CAE8D084F91B}.Debug|Any CPU.ActiveCfg = Debug|Any CPU
		{D248996D-017A-44C6-9C74-CAE8D084F91B}.Debug|Any CPU.Build.0 = Debug|Any CPU
		{D248996D-017A-44C6-9C74-CAE8D084F91B}.Release|Any CPU.ActiveCfg = Release|Any CPU
		{D248996D-017A-44C6-9C74-CAE8D084F91B}.Release|Any CPU.Build.0 = Release|Any CPU
	EndGlobalSection
	GlobalSection(SolutionProperties) = preSolution
		HideSolutionNode = FALSE
	EndGlobalSection
EndGlobal
